
Microsoft Visual Studio Solution File, Format Version 12.00
Project("{FAE04EC0-301F-11D3-BF4B-00C04F79EFBC}") = "MLOps.StreamAnalytics", "MLOps.StreamAnalytics.csproj", "{09C943CD-1727-4324-9B06-2EBC2AF287AD}"
EndProject
Global
	GlobalSection(SolutionConfigurationPlatforms) = preSolution
		Debug|Any CPU = Debug|Any CPU
		Release|Any CPU = Release|Any CPU
	EndGlobalSection
	GlobalSection(ProjectConfigurationPlatforms) = postSolution
		{09C943CD-1727-4324-9B06-2EBC2AF287AD}.Debug|Any CPU.ActiveCfg = Debug|Any CPU
		{09C943CD-1727-4324-9B06-2EBC2AF287AD}.Debug|Any CPU.Build.0 = Debug|Any CPU
		{09C943CD-1727-4324-9B06-2EBC2AF287AD}.Release|Any CPU.ActiveCfg = Release|Any CPU
		{09C943CD-1727-4324-9B06-2EBC2AF287AD}.Release|Any CPU.Build.0 = Release|Any CPU
	EndGlobalSection
EndGlobal
